DEPENDENCIES
  apt
  build-essential
  curl
  git
  imagemagick
  mc
    git: https://github.com/lunsher/chef-mc
    revision: 34d161564ff9b5a7984f22da6a8c9bf2df5a30f5
  ntp
  oh_my_zsh
    git: https://github.com/shingara/oh-my-zsh-chef
    revision: 9ac6131c041f0dc55f80ccdeb23356c1105995a8
  postgresql
  python
  rvm
    git: https://github.com/fnichol/chef-rvm
    revision: dd58087e7399097a9b9df4e2e7235908aace2afd
  sudo
    git: https://github.com/opscode-cookbooks/sudo
    revision: 8bbdff7302f7a86e18d1a3f029813c665b53b322
  vagrant-zsh
    git: https://github.com/avalancheau/cookbook-vagrant-zsh
    revision: 5a1970203925eaf526d410830ed24a0cb25d01af
  zsh

GRAPH
  apt (2.3.10)
  build-essential (2.0.2)
  chef_gem (0.1.0)
  chef_handler (1.1.6)
  curl (2.0.0)
  dmg (2.2.0)
  git (4.0.2)
    build-essential (>= 0.0.0)
    dmg (>= 0.0.0)
    runit (>= 1.0.0)
    windows (>= 0.0.0)
    yum (~> 3.0)
    yum-epel (>= 0.0.0)
  imagemagick (0.2.3)
  java (1.22.0)
  mc (0.1.0)
  ntp (1.6.2)
  oh_my_zsh (0.0.1)
    git (>= 0.0.0)
  openssl (1.1.0)
  postgresql (3.4.0)
    apt (>= 1.9.0)
    build-essential (>= 0.0.0)
    openssl (>= 0.0.0)
  python (1.4.6)
    build-essential (>= 0.0.0)
    yum-epel (>= 0.0.0)
  runit (1.5.10)
    build-essential (>= 0.0.0)
    yum (~> 3.0)
    yum-epel (>= 0.0.0)
  rvm (0.9.2)
    chef_gem (>= 0.0.0)
    java (>= 0.0.0)
  sudo (2.6.1)
  vagrant-zsh (0.1.0)
  windows (1.31.0)
    chef_handler (>= 0.0.0)
  yum (3.2.0)
  yum-epel (0.3.6)
    yum (~> 3.0)
  zsh (1.0.0)
